
Microsoft Visual Studio Solution File, Format Version 12.00
# Visual Studio 15
VisualStudioVersion = 15.0.27703.2026
MinimumVisualStudioVersion = 10.0.40219.1
Project("{FAE04EC0-301F-11D3-BF4B-00C04F79EFBC}") = "ImageView", "ImageView\ImageView.csproj", "{BF69BD42-0A1F-4FE6-9461-D403A6BF4582}"
EndProject
Global
	GlobalSection(SolutionConfigurationPlatforms) = preSolution
		Debug|Any CPU = Debug|Any CPU
		Release|Any CPU = Release|Any CPU
	EndGlobalSection
	GlobalSection(ProjectConfigurationPlatforms) = postSolution
		{BF69BD42-0A1F-4FE6-9461-D403A6BF4582}.Debug|Any CPU.ActiveCfg = Debug|Any CPU
		{BF69BD42-0A1F-4FE6-9461-D403A6BF4582}.Debug|Any CPU.Build.0 = Debug|Any CPU
		{BF69BD42-0A1F-4FE6-9461-D403A6BF4582}.Release|Any CPU.ActiveCfg = Release|Any CPU
		{BF69BD42-0A1F-4FE6-9461-D403A6BF4582}.Release|Any CPU.Build.0 = Release|Any CPU
	EndGlobalSection
	GlobalSection(SolutionProperties) = preSolution
		HideSolutionNode = FALSE
	EndGlobalSection
	GlobalSection(ExtensibilityGlobals) = postSolution
		SolutionGuid = {166B3D6F-0528-496E-82A6-21364B0BDE8C}
	EndGlobalSection
EndGlobal
